
Microsoft Visual Studio Solution File, Format Version 12.00
# Visual Studio Version 16
VisualStudioVersion = 16.0.31105.61
MinimumVisualStudioVersion = 10.0.40219.1
Project("{FAE04EC0-301F-11D3-BF4B-00C04F79EFBC}") = "Thesis", "Thesis\Thesis.csproj", "{09BAFDD9-3599-4291-AC20-07203222EBD3}"
EndProject
Global
	GlobalSection(SolutionConfigurationPlatforms) = preSolution
		Debug|Any CPU = Debug|Any CPU
		Release|Any CPU = Release|Any CPU
	EndGlobalSection
	GlobalSection(ProjectConfigurationPlatforms) = postSolution
		{09BAFDD9-3599-4291-AC20-07203222EBD3}.Debug|Any CPU.ActiveCfg = Debug|Any CPU
		{09BAFDD9-3599-4291-AC20-07203222EBD3}.Debug|Any CPU.Build.0 = Debug|Any CPU
		{09BAFDD9-3599-4291-AC20-07203222EBD3}.Release|Any CPU.ActiveCfg = Release|Any CPU
		{09BAFDD9-3599-4291-AC20-07203222EBD3}.Release|Any CPU.Build.0 = Release|Any CPU
	EndGlobalSection
	GlobalSection(SolutionProperties) = preSolution
		HideSolutionNode = FALSE
	EndGlobalSection
	GlobalSection(ExtensibilityGlobals) = postSolution
		SolutionGuid = {CE0E5B72-B41F-4E67-A9D7-86E52B46EAA3}
	EndGlobalSection
EndGlobal
